# This file is automatically @generated by Cargo.
# It is not intended for manual editing.
version = 4

[[package]]
name = "bpaf"
version = "0.9.19"
source = "registry+https://github.com/rust-lang/crates.io-index"
checksum = "4848ed5727d39a7573551c205bcb1ccd88c8cad4ed2c80f62e2316f208196b8d"

[[package]]
name = "port_sniffer"
version = "0.1.0"
dependencies = [
 "bpaf",
]
